
Microsoft Visual Studio Solution File, Format Version 12.00
# Visual Studio Version 16
VisualStudioVersion = 16.0.30413.136
MinimumVisualStudioVersion = 10.0.40219.1
Project("{FAE04EC0-301F-11D3-BF4B-00C04F79EFBC}") = "BookStore-API", "BookStore-API\BookStore-API.csproj", "{70D636EB-11DC-4605-A703-2E82E8D7D7EF}"
EndProject
Global
	GlobalSection(SolutionConfigurationPlatforms) = preSolution
		Debug|Any CPU = Debug|Any CPU
		Release|Any CPU = Release|Any CPU
	EndGlobalSection
	GlobalSection(ProjectConfigurationPlatforms) = postSolution
		{70D636EB-11DC-4605-A703-2E82E8D7D7EF}.Debug|Any CPU.ActiveCfg = Debug|Any CPU
		{70D636EB-11DC-4605-A703-2E82E8D7D7EF}.Debug|Any CPU.Build.0 = Debug|Any CPU
		{70D636EB-11DC-4605-A703-2E82E8D7D7EF}.Release|Any CPU.ActiveCfg = Release|Any CPU
		{70D636EB-11DC-4605-A703-2E82E8D7D7EF}.Release|Any CPU.Build.0 = Release|Any CPU
	EndGlobalSection
	GlobalSection(SolutionProperties) = preSolution
		HideSolutionNode = FALSE
	EndGlobalSection
	GlobalSection(ExtensibilityGlobals) = postSolution
		SolutionGuid = {2FB3575D-1478-4862-AC5F-98024F575599}
	EndGlobalSection
EndGlobal
